
Microsoft Visual Studio Solution File, Format Version 12.00
# Visual Studio Version 17
VisualStudioVersion = 17.11.35312.102
MinimumVisualStudioVersion = 10.0.40219.1
Project("{9A19103F-16F7-4668-BE54-9A1E7A4F7556}") = "Ejercicio7", "Ejercicio8\Ejercicio7.csproj", "{309EAC28-EAFD-4F3A-99AC-FA153EB168F7}"
EndProject
Project("{9A19103F-16F7-4668-BE54-9A1E7A4F7556}") = "CalcularPrefija", "CalcularPrefija\CalcularPrefija.csproj", "{73648200-F9AC-4980-908F-8C77778E8DE1}"
EndProject
Global
	GlobalSection(SolutionConfigurationPlatforms) = preSolution
		Debug|Any CPU = Debug|Any CPU
		Release|Any CPU = Release|Any CPU
	EndGlobalSection
	GlobalSection(ProjectConfigurationPlatforms) = postSolution
		{309EAC28-EAFD-4F3A-99AC-FA153EB168F7}.Debug|Any CPU.ActiveCfg = Debug|Any CPU
		{309EAC28-EAFD-4F3A-99AC-FA153EB168F7}.Debug|Any CPU.Build.0 = Debug|Any CPU
		{309EAC28-EAFD-4F3A-99AC-FA153EB168F7}.Release|Any CPU.ActiveCfg = Release|Any CPU
		{309EAC28-EAFD-4F3A-99AC-FA153EB168F7}.Release|Any CPU.Build.0 = Release|Any CPU
		{73648200-F9AC-4980-908F-8C77778E8DE1}.Debug|Any CPU.ActiveCfg = Debug|Any CPU
		{73648200-F9AC-4980-908F-8C77778E8DE1}.Debug|Any CPU.Build.0 = Debug|Any CPU
		{73648200-F9AC-4980-908F-8C77778E8DE1}.Release|Any CPU.ActiveCfg = Release|Any CPU
		{73648200-F9AC-4980-908F-8C77778E8DE1}.Release|Any CPU.Build.0 = Release|Any CPU
	EndGlobalSection
	GlobalSection(SolutionProperties) = preSolution
		HideSolutionNode = FALSE
	EndGlobalSection
	GlobalSection(ExtensibilityGlobals) = postSolution
		SolutionGuid = {17508E29-F289-43CD-A4A0-3C6ACF666AB6}
	EndGlobalSection
EndGlobal
