
Microsoft Visual Studio Solution File, Format Version 12.00
# Visual Studio Version 17
VisualStudioVersion = 17.11.35312.102
MinimumVisualStudioVersion = 10.0.40219.1
Project("{FAE04EC0-301F-11D3-BF4B-00C04F79EFBC}") = "Ejercicio9Image", "Ejercicio9Image\Ejercicio9Image.csproj", "{2F676381-D713-411D-A7CC-C781B2327F22}"
EndProject
Global
	GlobalSection(SolutionConfigurationPlatforms) = preSolution
		Debug|Any CPU = Debug|Any CPU
		Release|Any CPU = Release|Any CPU
	EndGlobalSection
	GlobalSection(ProjectConfigurationPlatforms) = postSolution
		{2F676381-D713-411D-A7CC-C781B2327F22}.Debug|Any CPU.ActiveCfg = Debug|Any CPU
		{2F676381-D713-411D-A7CC-C781B2327F22}.Debug|Any CPU.Build.0 = Debug|Any CPU
		{2F676381-D713-411D-A7CC-C781B2327F22}.Release|Any CPU.ActiveCfg = Release|Any CPU
		{2F676381-D713-411D-A7CC-C781B2327F22}.Release|Any CPU.Build.0 = Release|Any CPU
	EndGlobalSection
	GlobalSection(SolutionProperties) = preSolution
		HideSolutionNode = FALSE
	EndGlobalSection
	GlobalSection(ExtensibilityGlobals) = postSolution
		SolutionGuid = {BD6F917F-FEB5-4C43-9ACD-5E95F31A22AF}
	EndGlobalSection
EndGlobal
